Microsoft Visual Studio Solution File, Format Version 12.00
# Visual Studio Version 17
VisualStudioVersion = 17.7.34031.279
MinimumVisualStudioVersion = 10.0.40219.1
Project("{9A19103F-16F7-4668-BE54-9A1E7A4F7556}") = "TemplateProject.Api", "src\TemplateProject.Api\TemplateProject.Api.csproj", "{F1D9E8F1-6A6B-4C90-9A6B-3B19C6A1A001}"
EndProject
Project("{9A19103F-16F7-4668-BE54-9A1E7A4F7556}") = "TemplateProject.Application", "src\TemplateProject.Application\TemplateProject.Application.csproj", "{A2C3B4D5-E6F7-4819-ABCD-112233445566}"
EndProject
Project("{9A19103F-16F7-4668-BE54-9A1E7A4F7556}") = "TemplateProject.Infrastructure", "src\TemplateProject.Infrastructure\TemplateProject.Infrastructure.csproj", "{B7C8D9EA-F0A1-4B2C-9D3E-77889900AABB}"
EndProject
Project("{9A19103F-16F7-4668-BE54-9A1E7A4F7556}") = "TemplateProject.Domain", "src\TemplateProject.Domain\TemplateProject.Domain.csproj", "{C0D1E2F3-A4B5-46C7-8D9E-CCDDEEFF0011}"
EndProject
Project("{9A19103F-16F7-4668-BE54-9A1E7A4F7556}") = "TemplateProject.Tests", "tests\TemplateProject.Tests\TemplateProject.Tests.csproj", "{D2E3F4A5-B6C7-48D9-8EA0-223344556677}"
EndProject
Global
	GlobalSection(SolutionConfigurationPlatforms) = preSolution
		Debug|Any CPU = Debug|Any CPU
		Release|Any CPU = Release|Any CPU
	EndGlobalSection
	GlobalSection(ProjectConfigurationPlatforms) = postSolution
		{F1D9E8F1-6A6B-4C90-9A6B-3B19C6A1A001}.Debug|Any CPU.ActiveCfg = Debug|Any CPU
		{F1D9E8F1-6A6B-4C90-9A6B-3B19C6A1A001}.Debug|Any CPU.Build.0 = Debug|Any CPU
		{F1D9E8F1-6A6B-4C90-9A6B-3B19C6A1A001}.Release|Any CPU.ActiveCfg = Release|Any CPU
		{F1D9E8F1-6A6B-4C90-9A6B-3B19C6A1A001}.Release|Any CPU.Build.0 = Release|Any CPU
		{A2C3B4D5-E6F7-4819-ABCD-112233445566}.Debug|Any CPU.ActiveCfg = Debug|Any CPU
		{A2C3B4D5-E6F7-4819-ABCD-112233445566}.Debug|Any CPU.Build.0 = Debug|Any CPU
		{A2C3B4D5-E6F7-4819-ABCD-112233445566}.Release|Any CPU.ActiveCfg = Release|Any CPU
		{A2C3B4D5-E6F7-4819-ABCD-112233445566}.Release|Any CPU.Build.0 = Release|Any CPU
		{B7C8D9EA-F0A1-4B2C-9D3E-77889900AABB}.Debug|Any CPU.ActiveCfg = Debug|Any CPU
		{B7C8D9EA-F0A1-4B2C-9D3E-77889900AABB}.Debug|Any CPU.Build.0 = Debug|Any CPU
		{B7C8D9EA-F0A1-4B2C-9D3E-77889900AABB}.Release|Any CPU.ActiveCfg = Release|Any CPU
		{B7C8D9EA-F0A1-4B2C-9D3E-77889900AABB}.Release|Any CPU.Build.0 = Release|Any CPU
		{C0D1E2F3-A4B5-46C7-8D9E-CCDDEEFF0011}.Debug|Any CPU.ActiveCfg = Debug|Any CPU
		{C0D1E2F3-A4B5-46C7-8D9E-CCDDEEFF0011}.Debug|Any CPU.Build.0 = Debug|Any CPU
		{C0D1E2F3-A4B5-46C7-8D9E-CCDDEEFF0011}.Release|Any CPU.ActiveCfg = Release|Any CPU
		{C0D1E2F3-A4B5-46C7-8D9E-CCDDEEFF0011}.Release|Any CPU.Build.0 = Release|Any CPU
		{D2E3F4A5-B6C7-48D9-8EA0-223344556677}.Debug|Any CPU.ActiveCfg = Debug|Any CPU
		{D2E3F4A5-B6C7-48D9-8EA0-223344556677}.Debug|Any CPU.Build.0 = Debug|Any CPU
		{D2E3F4A5-B6C7-48D9-8EA0-223344556677}.Release|Any CPU.ActiveCfg = Release|Any CPU
		{D2E3F4A5-B6C7-48D9-8EA0-223344556677}.Release|Any CPU.Build.0 = Release|Any CPU
	EndGlobalSection
	GlobalSection(SolutionProperties) = preSolution
		HideSolutionNode = FALSE
	EndGlobalSection
EndGlobal
